
Microsoft Visual Studio Solution File, Format Version 12.00
# Visual Studio 15
VisualStudioVersion = 15.0.26403.7
MinimumVisualStudioVersion = 10.0.40219.1
Project("{2150E333-8FDC-42A3-9474-1A3956D46DE8}") = "01 MI.Web", "01 MI.Web", "{49927100-4E99-4F5C-922D-771A08D59933}"
EndProject
Project("{2150E333-8FDC-42A3-9474-1A3956D46DE8}") = "05 MI.Common", "05 MI.Common", "{D51D4505-18CA-4F73-A2B4-D4CF78A30951}"
EndProject
Project("{2150E333-8FDC-42A3-9474-1A3956D46DE8}") = "02 MI.Interface", "02 MI.Interface", "{6D089E74-F33A-4754-B4F5-13733B46CC61}"
EndProject
Project("{2150E333-8FDC-42A3-9474-1A3956D46DE8}") = "04 MI.Server", "04 MI.Server", "{184AE74F-ED3B-451E-81F7-EE4C4B583965}"
EndProject
Project("{2150E333-8FDC-42A3-9474-1A3956D46DE8}") = "03 MI.Models", "03 MI.Models", "{53D7A1E9-1B24-4C96-82F2-A2B548FDA4BB}"
EndProject
Project("{2150E333-8FDC-42A3-9474-1A3956D46DE8}") = "06 MI.UnitTest", "06 MI.UnitTest", "{9EE5DA3A-AD83-4BA4-9514-8F17FA736641}"
EndProject
Project("{FAE04EC0-301F-11D3-BF4B-00C04F79EFBC}") = "MI.COM", "MI.COM\MI.COM.csproj", "{480DED3C-827F-4463-B5F8-FEC3DF1C2951}"
EndProject
Project("{FAE04EC0-301F-11D3-BF4B-00C04F79EFBC}") = "MI.Interface", "MI.Interface\MI.Interface.csproj", "{CF80A093-7358-48CE-8670-AB04A150EAF4}"
EndProject
Project("{FAE04EC0-301F-11D3-BF4B-00C04F79EFBC}") = "MI.Models", "MI.Models\MI.Models.csproj", "{9D9EFF7C-52DA-4BFA-A0F0-9CC0EBB9EE04}"
EndProject
Project("{FAE04EC0-301F-11D3-BF4B-00C04F79EFBC}") = "MI.Server", "MI.Server\MI.Server.csproj", "{27318BE4-3461-468B-8F8B-668D23B49513}"
EndProject
Project("{FAE04EC0-301F-11D3-BF4B-00C04F79EFBC}") = "MI.Common", "MI.Common\MI.Common.csproj", "{A96D9807-AE66-460D-984E-4CA8594B8FBB}"
EndProject
Project("{FAE04EC0-301F-11D3-BF4B-00C04F79EFBC}") = "MI.UnitTest", "MI.UnitTest\MI.UnitTest.csproj", "{D6C30E15-D91F-4C2B-A988-756544868197}"
EndProject
Global
	GlobalSection(SolutionConfigurationPlatforms) = preSolution
		Debug|Any CPU = Debug|Any CPU
		Release|Any CPU = Release|Any CPU
	EndGlobalSection
	GlobalSection(ProjectConfigurationPlatforms) = postSolution
		{480DED3C-827F-4463-B5F8-FEC3DF1C2951}.Debug|Any CPU.ActiveCfg = Debug|Any CPU
		{480DED3C-827F-4463-B5F8-FEC3DF1C2951}.Debug|Any CPU.Build.0 = Debug|Any CPU
		{480DED3C-827F-4463-B5F8-FEC3DF1C2951}.Release|Any CPU.ActiveCfg = Release|Any CPU
		{480DED3C-827F-4463-B5F8-FEC3DF1C2951}.Release|Any CPU.Build.0 = Release|Any CPU
		{CF80A093-7358-48CE-8670-AB04A150EAF4}.Debug|Any CPU.ActiveCfg = Debug|Any CPU
		{CF80A093-7358-48CE-8670-AB04A150EAF4}.Debug|Any CPU.Build.0 = Debug|Any CPU
		{CF80A093-7358-48CE-8670-AB04A150EAF4}.Release|Any CPU.ActiveCfg = Release|Any CPU
		{CF80A093-7358-48CE-8670-AB04A150EAF4}.Release|Any CPU.Build.0 = Release|Any CPU
		{9D9EFF7C-52DA-4BFA-A0F0-9CC0EBB9EE04}.Debug|Any CPU.ActiveCfg = Debug|Any CPU
		{9D9EFF7C-52DA-4BFA-A0F0-9CC0EBB9EE04}.Debug|Any CPU.Build.0 = Debug|Any CPU
		{9D9EFF7C-52DA-4BFA-A0F0-9CC0EBB9EE04}.Release|Any CPU.ActiveCfg = Release|Any CPU
		{9D9EFF7C-52DA-4BFA-A0F0-9CC0EBB9EE04}.Release|Any CPU.Build.0 = Release|Any CPU
		{27318BE4-3461-468B-8F8B-668D23B49513}.Debug|Any CPU.ActiveCfg = Debug|Any CPU
		{27318BE4-3461-468B-8F8B-668D23B49513}.Debug|Any CPU.Build.0 = Debug|Any CPU
		{27318BE4-3461-468B-8F8B-668D23B49513}.Release|Any CPU.ActiveCfg = Release|Any CPU
		{27318BE4-3461-468B-8F8B-668D23B49513}.Release|Any CPU.Build.0 = Release|Any CPU
		{A96D9807-AE66-460D-984E-4CA8594B8FBB}.Debug|Any CPU.ActiveCfg = Debug|Any CPU
		{A96D9807-AE66-460D-984E-4CA8594B8FBB}.Debug|Any CPU.Build.0 = Debug|Any CPU
		{A96D9807-AE66-460D-984E-4CA8594B8FBB}.Release|Any CPU.ActiveCfg = Release|Any CPU
		{A96D9807-AE66-460D-984E-4CA8594B8FBB}.Release|Any CPU.Build.0 = Release|Any CPU
		{D6C30E15-D91F-4C2B-A988-756544868197}.Debug|Any CPU.ActiveCfg = Debug|Any CPU
		{D6C30E15-D91F-4C2B-A988-756544868197}.Debug|Any CPU.Build.0 = Debug|Any CPU
		{D6C30E15-D91F-4C2B-A988-756544868197}.Release|Any CPU.ActiveCfg = Release|Any CPU
		{D6C30E15-D91F-4C2B-A988-756544868197}.Release|Any CPU.Build.0 = Release|Any CPU
	EndGlobalSection
	GlobalSection(SolutionProperties) = preSolution
		HideSolutionNode = FALSE
	EndGlobalSection
	GlobalSection(NestedProjects) = preSolution
		{480DED3C-827F-4463-B5F8-FEC3DF1C2951} = {49927100-4E99-4F5C-922D-771A08D59933}
		{CF80A093-7358-48CE-8670-AB04A150EAF4} = {6D089E74-F33A-4754-B4F5-13733B46CC61}
		{9D9EFF7C-52DA-4BFA-A0F0-9CC0EBB9EE04} = {53D7A1E9-1B24-4C96-82F2-A2B548FDA4BB}
		{27318BE4-3461-468B-8F8B-668D23B49513} = {184AE74F-ED3B-451E-81F7-EE4C4B583965}
		{A96D9807-AE66-460D-984E-4CA8594B8FBB} = {D51D4505-18CA-4F73-A2B4-D4CF78A30951}
		{D6C30E15-D91F-4C2B-A988-756544868197} = {9EE5DA3A-AD83-4BA4-9514-8F17FA736641}
	EndGlobalSection
EndGlobal
